
Microsoft Visual Studio Solution File, Format Version 12.00
# Visual Studio Version 17
VisualStudioVersion = 17.8.34309.116
MinimumVisualStudioVersion = 10.0.40219.1
Project("{9A19103F-16F7-4668-BE54-9A1E7A4F7556}") = "AspNetCore.SignalR.OpenTelemetry", "src\AspNetCore.SignalR.OpenTelemetry\AspNetCore.SignalR.OpenTelemetry.csproj", "{E95D38CD-444A-475E-96B9-3328D92F4907}"
EndProject
Project("{2150E333-8FDC-42A3-9474-1A3956D46DE8}") = "src", "src", "{EB2B2EF9-BB9D-4CD4-8D12-7A962D73A97C}"
EndProject
Project("{2150E333-8FDC-42A3-9474-1A3956D46DE8}") = "examples", "examples", "{CF4C3165-FE24-4052-96BD-A07B7042D687}"
EndProject
Project("{FAE04EC0-301F-11D3-BF4B-00C04F79EFBC}") = "Server", "examples\Server\Server.csproj", "{CBA953AF-96E5-4E06-B0AE-2036192472A3}"
EndProject
Project("{E53339B2-1760-4266-BCC7-CA923CBCF16C}") = "docker-compose", "docker-compose.dcproj", "{ECD4DC7A-3A6D-4A98-8461-C92D6D292991}"
EndProject
Global
	GlobalSection(SolutionConfigurationPlatforms) = preSolution
		Debug|Any CPU = Debug|Any CPU
		Release|Any CPU = Release|Any CPU
	EndGlobalSection
	GlobalSection(ProjectConfigurationPlatforms) = postSolution
		{E95D38CD-444A-475E-96B9-3328D92F4907}.Debug|Any CPU.ActiveCfg = Debug|Any CPU
		{E95D38CD-444A-475E-96B9-3328D92F4907}.Debug|Any CPU.Build.0 = Debug|Any CPU
		{E95D38CD-444A-475E-96B9-3328D92F4907}.Release|Any CPU.ActiveCfg = Release|Any CPU
		{E95D38CD-444A-475E-96B9-3328D92F4907}.Release|Any CPU.Build.0 = Release|Any CPU
		{CBA953AF-96E5-4E06-B0AE-2036192472A3}.Debug|Any CPU.ActiveCfg = Debug|Any CPU
		{CBA953AF-96E5-4E06-B0AE-2036192472A3}.Debug|Any CPU.Build.0 = Debug|Any CPU
		{CBA953AF-96E5-4E06-B0AE-2036192472A3}.Release|Any CPU.ActiveCfg = Release|Any CPU
		{CBA953AF-96E5-4E06-B0AE-2036192472A3}.Release|Any CPU.Build.0 = Release|Any CPU
		{ECD4DC7A-3A6D-4A98-8461-C92D6D292991}.Debug|Any CPU.ActiveCfg = Debug|Any CPU
		{ECD4DC7A-3A6D-4A98-8461-C92D6D292991}.Debug|Any CPU.Build.0 = Debug|Any CPU
		{ECD4DC7A-3A6D-4A98-8461-C92D6D292991}.Release|Any CPU.ActiveCfg = Release|Any CPU
		{ECD4DC7A-3A6D-4A98-8461-C92D6D292991}.Release|Any CPU.Build.0 = Release|Any CPU
	EndGlobalSection
	GlobalSection(SolutionProperties) = preSolution
		HideSolutionNode = FALSE
	EndGlobalSection
	GlobalSection(NestedProjects) = preSolution
		{E95D38CD-444A-475E-96B9-3328D92F4907} = {EB2B2EF9-BB9D-4CD4-8D12-7A962D73A97C}
		{CBA953AF-96E5-4E06-B0AE-2036192472A3} = {CF4C3165-FE24-4052-96BD-A07B7042D687}
	EndGlobalSection
	GlobalSection(ExtensibilityGlobals) = postSolution
		SolutionGuid = {1A042681-3BD0-4942-9D92-6A67F0587FAD}
	EndGlobalSection
EndGlobal
